
Microsoft Visual Studio Solution File, Format Version 12.00
# Visual Studio Version 16
VisualStudioVersion = 16.0.31005.135
MinimumVisualStudioVersion = 10.0.40219.1
Project("{FAE04EC0-301F-11D3-BF4B-00C04F79EFBC}") = "WebUI", "WebUI\WebUI.csproj", "{0D03D78D-C862-498C-A499-3116E09FDB8E}"
EndProject
Global
	GlobalSection(SolutionConfigurationPlatforms) = preSolution
		Debug|Any CPU = Debug|Any CPU
		Release|Any CPU = Release|Any CPU
	EndGlobalSection
	GlobalSection(ProjectConfigurationPlatforms) = postSolution
		{0D03D78D-C862-498C-A499-3116E09FDB8E}.Debug|Any CPU.ActiveCfg = Debug|Any CPU
		{0D03D78D-C862-498C-A499-3116E09FDB8E}.Debug|Any CPU.Build.0 = Debug|Any CPU
		{0D03D78D-C862-498C-A499-3116E09FDB8E}.Release|Any CPU.ActiveCfg = Release|Any CPU
		{0D03D78D-C862-498C-A499-3116E09FDB8E}.Release|Any CPU.Build.0 = Release|Any CPU
	EndGlobalSection
	GlobalSection(SolutionProperties) = preSolution
		HideSolutionNode = FALSE
	EndGlobalSection
	GlobalSection(ExtensibilityGlobals) = postSolution
		SolutionGuid = {1185FDF1-623F-46EA-8324-189890AC7A92}
	EndGlobalSection
EndGlobal
